// !$*UTF8*$!
{
	archiveVersion = 1;
	classes = {
	};
	objectVersion = 46;
	objects = {

/* Begin PBXBuildFile section */
		C5255D5FEC778F48A600285E /* libPods-InTown.a in Frameworks */ = {isa = PBXBuildFile; fileRef = BBBDFAD7CAB49606AD149793 /* libPods-InTown.a */; };
		F2B1D57F1B99833400D8B5C4 /* main.m in Sources */ = {isa = PBXBuildFile; fileRef = F2B1D57E1B99833400D8B5C4 /* main.m */; };
		F2B1D5821B99833400D8B5C4 /* AppDelegate.m in Sources */ = {isa = PBXBuildFile; fileRef = F2B1D5811B99833400D8B5C4 /* AppDelegate.m */; };
		F2B1D5851B99833400D8B5C4 /* InTown.xcdatamodeld in Sources */ = {isa = PBXBuildFile; fileRef = F2B1D5831B99833400D8B5C4 /* InTown.xcdatamodeld */; };
		F2B1D5881B99833400D8B5C4 /* ViewController.m in Sources */ = {isa = PBXBuildFile; fileRef = F2B1D5871B99833400D8B5C4 /* ViewController.m */; };
		F2B1D58B1B99833400D8B5C4 /* Main.storyboard in Resources */ = {isa = PBXBuildFile; fileRef = F2B1D5891B99833400D8B5C4 /* Main.storyboard */; };
		F2B1D58D1B99833400D8B5C4 /* Images.xcassets in Resources */ = {isa = PBXBuildFile; fileRef = F2B1D58C1B99833400D8B5C4 /* Images.xcassets */; };
		F2B1D5901B99833400D8B5C4 /* LaunchScreen.xib in Resources */ = {isa = PBXBuildFile; fileRef = F2B1D58E1B99833400D8B5C4 /* LaunchScreen.xib */; };
		F2B1D59C1B99833400D8B5C4 /* InTownTests.m in Sources */ = {isa = PBXBuildFile; fileRef = F2B1D59B1B99833400D8B5C4 /* InTownTests.m */; };
		F2B1D5A71B9983BA00D8B5C4 /* Bolts.framework in Frameworks */ = {isa = PBXBuildFile; fileRef = F2B1D5A51B9983B900D8B5C4 /* Bolts.framework */; };
		F2B1D5A81B9983BA00D8B5C4 /* Parse.framework in Frameworks */ = {isa = PBXBuildFile; fileRef = F2B1D5A61B9983B900D8B5C4 /* Parse.framework */; };
		F2B1D5AA1B9983E000D8B5C4 /* AudioToolbox.framework in Frameworks */ = {isa = PBXBuildFile; fileRef = F2B1D5A91B9983E000D8B5C4 /* AudioToolbox.framework */; };
		F2B1D5AC1B9983E700D8B5C4 /* CFNetwork.framework in Frameworks */ = {isa = PBXBuildFile; fileRef = F2B1D5AB1B9983E700D8B5C4 /* CFNetwork.framework */; };
		F2B1D5AE1B9983EF00D8B5C4 /* CoreGraphics.framework in Frameworks */ = {isa = PBXBuildFile; fileRef = F2B1D5AD1B9983EF00D8B5C4 /* CoreGraphics.framework */; };
		F2B1D5B01B9983F900D8B5C4 /* CoreLocation.framework in Frameworks */ = {isa = PBXBuildFile; fileRef = F2B1D5AF1B9983F900D8B5C4 /* CoreLocation.framework */; };
		F2B1D5B21B99840200D8B5C4 /* QuartzCore.framework in Frameworks */ = {isa = PBXBuildFile; fileRef = F2B1D5B11B99840200D8B5C4 /* QuartzCore.framework */; };
		F2B1D5B41B99840900D8B5C4 /* Security.framework in Frameworks */ = {isa = PBXBuildFile; fileRef = F2B1D5B31B99840900D8B5C4 /* Security.framework */; };
		F2B1D5B61B99841100D8B5C4 /* StoreKit.framework in Frameworks */ = {isa = PBXBuildFile; fileRef = F2B1D5B51B99841100D8B5C4 /* StoreKit.framework */; };
		F2B1D5B81B99841A00D8B5C4 /* SystemConfiguration.framework in Frameworks */ = {isa = PBXBuildFile; fileRef = F2B1D5B71B99841A00D8B5C4 /* SystemConfiguration.framework */; };
		F2B1D5BA1B99842800D8B5C4 /* libz.dylib in Frameworks */ = {isa = PBXBuildFile; fileRef = F2B1D5B91B99842800D8B5C4 /* libz.dylib */; };
		F2B1D5BC1B99843C00D8B5C4 /* libsqlite3.dylib in Frameworks */ = {isa = PBXBuildFile; fileRef = F2B1D5BB1B99843C00D8B5C4 /* libsqlite3.dylib */; };
		F2B1D5C51B998C8A00D8B5C4 /* SignIn.storyboard in Resources */ = {isa = PBXBuildFile; fileRef = F2B1D5C41B998C8A00D8B5C4 /* SignIn.storyboard */; };
		F2B1D5C71B998C9600D8B5C4 /* SignUp.storyboard in Resources */ = {isa = PBXBuildFile; fileRef = F2B1D5C61B998C9600D8B5C4 /* SignUp.storyboard */; };
		F2B1D5C91B998CA600D8B5C4 /* Welcome.storyboard in Resources */ = {isa = PBXBuildFile; fileRef = F2B1D5C81B998CA600D8B5C4 /* Welcome.storyboard */; };
		F2B1D5CB1B998CB200D8B5C4 /* Profile.storyboard in Resources */ = {isa = PBXBuildFile; fileRef = F2B1D5CA1B998CB200D8B5C4 /* Profile.storyboard */; };
		F2B1D5CD1B998CC200D8B5C4 /* Feed.storyboard in Resources */ = {isa = PBXBuildFile; fileRef = F2B1D5CC1B998CC200D8B5C4 /* Feed.storyboard */; };
		F2B1D5D01B998CDA00D8B5C4 /* User.m in Sources */ = {isa = PBXBuildFile; fileRef = F2B1D5CF1B998CDA00D8B5C4 /* User.m */; };
		F2B1D5D31B998CEF00D8B5C4 /* Post.m in Sources */ = {isa = PBXBuildFile; fileRef = F2B1D5D21B998CEF00D8B5C4 /* Post.m */; };
		F2B1D5EA1B998DE400D8B5C4 /* fr.png in Resources */ = {isa = PBXBuildFile; fileRef = F2B1D5E61B998DE400D8B5C4 /* fr.png */; };
		F2B1D5EB1B998DE400D8B5C4 /* spa.png in Resources */ = {isa = PBXBuildFile; fileRef = F2B1D5E71B998DE400D8B5C4 /* spa.png */; };
		F2B1D5EC1B998DE400D8B5C4 /* br.png in Resources */ = {isa = PBXBuildFile; fileRef = F2B1D5E81B998DE400D8B5C4 /* br.png */; };
		F2B1D5ED1B998DE400D8B5C4 /* us.png in Resources */ = {isa = PBXBuildFile; fileRef = F2B1D5E91B998DE400D8B5C4 /* us.png */; };
		F2B1D5F01B998DF100D8B5C4 /* facebookLoginButton.png in Resources */ = {isa = PBXBuildFile; fileRef = F2B1D5EE1B998DF100D8B5C4 /* facebookLoginButton.png */; };
		F2B1D5F11B998DF100D8B5C4 /* twitterLoginButton.png in Resources */ = {isa = PBXBuildFile; fileRef = F2B1D5EF1B998DF100D8B5C4 /* twitterLoginButton.png */; };
		F2B1D5F31B998E0000D8B5C4 /* defaultImage.png in Resources */ = {isa = PBXBuildFile; fileRef = F2B1D5F21B998E0000D8B5C4 /* defaultImage.png */; };
		F2B1D5F51B998E3C00D8B5C4 /* splashScreen.png in Resources */ = {isa = PBXBuildFile; fileRef = F2B1D5F41B998E3C00D8B5C4 /* splashScreen.png */; };
		F2B1D5FF1B998E5400D8B5C4 /* AppIcon29x29@3x.png in Resources */ = {isa = PBXBuildFile; fileRef = F2B1D5F61B998E5400D8B5C4 /* AppIcon29x29@3x.png */; };
		F2B1D6001B998E5400D8B5C4 /* AppIcon40x40@2x.png in Resources */ = {isa = PBXBuildFile; fileRef = F2B1D5F71B998E5400D8B5C4 /* AppIcon40x40@2x.png */; };
		F2B1D6011B998E5400D8B5C4 /* AppIcon40x40@3x.png in Resources */ = {isa = PBXBuildFile; fileRef = F2B1D5F81B998E5400D8B5C4 /* AppIcon40x40@3x.png */; };
		F2B1D6021B998E5400D8B5C4 /* AppIcon57x57.png in Resources */ = {isa = PBXBuildFile; fileRef = F2B1D5F91B998E5400D8B5C4 /* AppIcon57x57.png */; };
		F2B1D6031B998E5400D8B5C4 /* AppIcon57x57@2x.png in Resources */ = {isa = PBXBuildFile; fileRef = F2B1D5FA1B998E5400D8B5C4 /* AppIcon57x57@2x.png */; };
		F2B1D6041B998E5400D8B5C4 /* AppIcon60x60@2x.png in Resources */ = {isa = PBXBuildFile; fileRef = F2B1D5FB1B998E5400D8B5C4 /* AppIcon60x60@2x.png */; };
		F2B1D6051B998E5400D8B5C4 /* AppIcon60x60@3x.png in Resources */ = {isa = PBXBuildFile; fileRef = F2B1D5FC1B998E5400D8B5C4 /* AppIcon60x60@3x.png */; };
		F2B1D6061B998E5400D8B5C4 /* AppIcon29x29@2x.png in Resources */ = {isa = PBXBuildFile; fileRef = F2B1D5FD1B998E5400D8B5C4 /* AppIcon29x29@2x.png */; };
		F2B1D6071B998E5400D8B5C4 /* AppIcon29x29.png in Resources */ = {isa = PBXBuildFile; fileRef = F2B1D5FE1B998E5400D8B5C4 /* AppIcon29x29.png */; };
		F2B1D60A1B998E9300D8B5C4 /* IntownLogo.png in Resources */ = {isa = PBXBuildFile; fileRef = F2B1D6081B998E9300D8B5C4 /* IntownLogo.png */; };
		F2B1D60B1B998E9300D8B5C4 /* cityOnlyLogo.png in Resources */ = {isa = PBXBuildFile; fileRef = F2B1D6091B998E9300D8B5C4 /* cityOnlyLogo.png */; };
		F2B1D60E1B99906C00D8B5C4 /* SignInVC.m in Sources */ = {isa = PBXBuildFile; fileRef = F2B1D60D1B99906C00D8B5C4 /* SignInVC.m */; };
		F2B1D6111B99908300D8B5C4 /* SignUpVC.m in Sources */ = {isa = PBXBuildFile; fileRef = F2B1D6101B99908300D8B5C4 /* SignUpVC.m */; };
		F2B1D6141B9990AF00D8B5C4 /* WelcomeVC.m in Sources */ = {isa = PBXBuildFile; fileRef = F2B1D6131B9990AF00D8B5C4 /* WelcomeVC.m */; };
		F2B1D6171B9990CB00D8B5C4 /* ProfileTVC.m in Sources */ = {isa = PBXBuildFile; fileRef = F2B1D6161B9990CB00D8B5C4 /* ProfileTVC.m */; };
		F2B1D61A1B9990DC00D8B5C4 /* FeedTVC.m in Sources */ = {isa = PBXBuildFile; fileRef = F2B1D6191B9990DC00D8B5C4 /* FeedTVC.m */; };
		F2B1D61D1B99A6A800D8B5C4 /* Policy.storyboard in Resources */ = {isa = PBXBuildFile; fileRef = F2B1D61C1B99A6A800D8B5C4 /* Policy.storyboard */; };
		F2B1D6201B99A72300D8B5C4 /* TermAndConditionsVC.m in Sources */ = {isa = PBXBuildFile; fileRef = F2B1D61F1B99A72300D8B5C4 /* TermAndConditionsVC.m */; };
/* End PBXBuildFile section */

/* Begin PBXContainerItemProxy section */
		F2B1D5961B99833400D8B5C4 /* PBXContainerItemProxy */ = {
			isa = PBXContainerItemProxy;
			containerPortal = F2B1D5711B99833400D8B5C4 /* Project object */;
			proxyType = 1;
			remoteGlobalIDString = F2B1D5781B99833400D8B5C4;
			remoteInfo = InTown;
		};
/* End PBXContainerItemProxy section */

/* Begin PBXFileReference section */
		90E9F7AD3E5D2381EE9981EF /* Pods-InTown.debug.xcconfig */ = {isa = PBXFileReference; includeInIndex = 1; lastKnownFileType = text.xcconfig; name = "Pods-InTown.debug.xcconfig"; path = "Pods/Target Support Files/Pods-InTown/Pods-InTown.debug.xcconfig"; sourceTree = "<group>"; };
		9838A48DC1952793CB5EB3B1 /* Pods-InTown.release.xcconfig */ = {isa = PBXFileReference; includeInIndex = 1; lastKnownFileType = text.xcconfig; name = "Pods-InTown.release.xcconfig"; path = "Pods/Target Support Files/Pods-InTown/Pods-InTown.release.xcconfig"; sourceTree = "<group>"; };
		BBBDFAD7CAB49606AD149793 /* libPods-InTown.a */ = {isa = PBXFileReference; explicitFileType = archive.ar; includeInIndex = 0; path = "libPods-InTown.a"; sourceTree = BUILT_PRODUCTS_DIR; };
		F2B1D5791B99833400D8B5C4 /* InTown.app */ = {isa = PBXFileReference; explicitFileType = wrapper.application; includeInIndex = 0; path = InTown.app; sourceTree = BUILT_PRODUCTS_DIR; };
		F2B1D57D1B99833400D8B5C4 /* Info.plist */ = {isa = PBXFileReference; lastKnownFileType = text.plist.xml; path = Info.plist; sourceTree = "<group>"; };
		F2B1D57E1B99833400D8B5C4 /* main.m */ = {isa = PBXFileReference; lastKnownFileType = sourcecode.c.objc; path = main.m; sourceTree = "<group>"; };
		F2B1D5801B99833400D8B5C4 /* AppDelegate.h */ = {isa = PBXFileReference; lastKnownFileType = sourcecode.c.h; path = AppDelegate.h; sourceTree = "<group>"; };
		F2B1D5811B99833400D8B5C4 /* AppDelegate.m */ = {isa = PBXFileReference; lastKnownFileType = sourcecode.c.objc; path = AppDelegate.m; sourceTree = "<group>"; };
		F2B1D5841B99833400D8B5C4 /* InTown.xcdatamodel */ = {isa = PBXFileReference; lastKnownFileType = wrapper.xcdatamodel; path = InTown.xcdatamodel; sourceTree = "<group>"; };
		F2B1D5861B99833400D8B5C4 /* ViewController.h */ = {isa = PBXFileReference; lastKnownFileType = sourcecode.c.h; path = ViewController.h; sourceTree = "<group>"; };
		F2B1D5871B99833400D8B5C4 /* ViewController.m */ = {isa = PBXFileReference; lastKnownFileType = sourcecode.c.objc; path = ViewController.m; sourceTree = "<group>"; };
		F2B1D58A1B99833400D8B5C4 /* Base */ = {isa = PBXFileReference; lastKnownFileType = file.storyboard; name = Base; path = Base.lproj/Main.storyboard; sourceTree = "<group>"; };
		F2B1D58C1B99833400D8B5C4 /* Images.xcassets */ = {isa = PBXFileReference; lastKnownFileType = folder.assetcatalog; path = Images.xcassets; sourceTree = "<group>"; };
		F2B1D58F1B99833400D8B5C4 /* Base */ = {isa = PBXFileReference; lastKnownFileType = file.xib; name = Base; path = Base.lproj/LaunchScreen.xib; sourceTree = "<group>"; };
		F2B1D5951B99833400D8B5C4 /* InTownTests.xctest */ = {isa = PBXFileReference; explicitFileType = wrapper.cfbundle; includeInIndex = 0; path = InTownTests.xctest; sourceTree = BUILT_PRODUCTS_DIR; };
		F2B1D59A1B99833400D8B5C4 /* Info.plist */ = {isa = PBXFileReference; lastKnownFileType = text.plist.xml; path = Info.plist; sourceTree = "<group>"; };
		F2B1D59B1B99833400D8B5C4 /* InTownTests.m */ = {isa = PBXFileReference; lastKnownFileType = sourcecode.c.objc; path = InTownTests.m; sourceTree = "<group>"; };
		F2B1D5A51B9983B900D8B5C4 /* Bolts.framework */ = {isa = PBXFileReference; lastKnownFileType = wrapper.framework; path = Bolts.framework; sourceTree = "<group>"; };
		F2B1D5A61B9983B900D8B5C4 /* Parse.framework */ = {isa = PBXFileReference; lastKnownFileType = wrapper.framework; path = Parse.framework; sourceTree = "<group>"; };
		F2B1D5A91B9983E000D8B5C4 /* AudioToolbox.framework */ = {isa = PBXFileReference; lastKnownFileType = wrapper.framework; name = AudioToolbox.framework; path = System/Library/Frameworks/AudioToolbox.framework; sourceTree = SDKROOT; };
		F2B1D5AB1B9983E700D8B5C4 /* CFNetwork.framework */ = {isa = PBXFileReference; lastKnownFileType = wrapper.framework; name = CFNetwork.framework; path = System/Library/Frameworks/CFNetwork.framework; sourceTree = SDKROOT; };
		F2B1D5AD1B9983EF00D8B5C4 /* CoreGraphics.framework */ = {isa = PBXFileReference; lastKnownFileType = wrapper.framework; name = CoreGraphics.framework; path = System/Library/Frameworks/CoreGraphics.framework; sourceTree = SDKROOT; };
		F2B1D5AF1B9983F900D8B5C4 /* CoreLocation.framework */ = {isa = PBXFileReference; lastKnownFileType = wrapper.framework; name = CoreLocation.framework; path = System/Library/Frameworks/CoreLocation.framework; sourceTree = SDKROOT; };
		F2B1D5B11B99840200D8B5C4 /* QuartzCore.framework */ = {isa = PBXFileReference; lastKnownFileType = wrapper.framework; name = QuartzCore.framework; path = System/Library/Frameworks/QuartzCore.framework; sourceTree = SDKROOT; };
		F2B1D5B31B99840900D8B5C4 /* Security.framework */ = {isa = PBXFileReference; lastKnownFileType = wrapper.framework; name = Security.framework; path = System/Library/Frameworks/Security.framework; sourceTree = SDKROOT; };
		F2B1D5B51B99841100D8B5C4 /* StoreKit.framework */ = {isa = PBXFileReference; lastKnownFileType = wrapper.framework; name = StoreKit.framework; path = System/Library/Frameworks/StoreKit.framework; sourceTree = SDKROOT; };
		F2B1D5B71B99841A00D8B5C4 /* SystemConfiguration.framework */ = {isa = PBXFileReference; lastKnownFileType = wrapper.framework; name = SystemConfiguration.framework; path = System/Library/Frameworks/SystemConfiguration.framework; sourceTree = SDKROOT; };
		F2B1D5B91B99842800D8B5C4 /* libz.dylib */ = {isa = PBXFileReference; lastKnownFileType = "compiled.mach-o.dylib"; name = libz.dylib; path = usr/lib/libz.dylib; sourceTree = SDKROOT; };
		F2B1D5BB1B99843C00D8B5C4 /* libsqlite3.dylib */ = {isa = PBXFileReference; lastKnownFileType = "compiled.mach-o.dylib"; name = libsqlite3.dylib; path = usr/lib/libsqlite3.dylib; sourceTree = SDKROOT; };
		F2B1D5C41B998C8A00D8B5C4 /* SignIn.storyboard */ = {isa = PBXFileReference; fileEncoding = 4; lastKnownFileType = file.storyboard; path = SignIn.storyboard; sourceTree = "<group>"; };
		F2B1D5C61B998C9600D8B5C4 /* SignUp.storyboard */ = {isa = PBXFileReference; fileEncoding = 4; lastKnownFileType = file.storyboard; path = SignUp.storyboard; sourceTree = "<group>"; };
		F2B1D5C81B998CA600D8B5C4 /* Welcome.storyboard */ = {isa = PBXFileReference; fileEncoding = 4; lastKnownFileType = file.storyboard; path = Welcome.storyboard; sourceTree = "<group>"; };
		F2B1D5CA1B998CB200D8B5C4 /* Profile.storyboard */ = {isa = PBXFileReference; fileEncoding = 4; lastKnownFileType = file.storyboard; path = Profile.storyboard; sourceTree = "<group>"; };
		F2B1D5CC1B998CC200D8B5C4 /* Feed.storyboard */ = {isa = PBXFileReference; fileEncoding = 4; lastKnownFileType = file.storyboard; path = Feed.storyboard; sourceTree = "<group>"; };
		F2B1D5CE1B998CDA00D8B5C4 /* User.h */ = {isa = PBXFileReference; fileEncoding = 4; lastKnownFileType = sourcecode.c.h; path = User.h; sourceTree = "<group>"; };
		F2B1D5CF1B998CDA00D8B5C4 /* User.m */ = {isa = PBXFileReference; fileEncoding = 4; lastKnownFileType = sourcecode.c.objc; path = User.m; sourceTree = "<group>"; };
		F2B1D5D11B998CEF00D8B5C4 /* Post.h */ = {isa = PBXFileReference; fileEncoding = 4; lastKnownFileType = sourcecode.c.h; path = Post.h; sourceTree = "<group>"; };
		F2B1D5D21B998CEF00D8B5C4 /* Post.m */ = {isa = PBXFileReference; fileEncoding = 4; lastKnownFileType = sourcecode.c.objc; path = Post.m; sourceTree = "<group>"; };
		F2B1D5E61B998DE400D8B5C4 /* fr.png */ = {isa = PBXFileReference; lastKnownFileType = image.png; path = fr.png; sourceTree = "<group>"; };
		F2B1D5E71B998DE400D8B5C4 /* spa.png */ = {isa = PBXFileReference; lastKnownFileType = image.png; path = spa.png; sourceTree = "<group>"; };
		F2B1D5E81B998DE400D8B5C4 /* br.png */ = {isa = PBXFileReference; lastKnownFileType = image.png; path = br.png; sourceTree = "<group>"; };
		F2B1D5E91B998DE400D8B5C4 /* us.png */ = {isa = PBXFileReference; lastKnownFileType = image.png; path = us.png; sourceTree = "<group>"; };
		F2B1D5EE1B998DF100D8B5C4 /* facebookLoginButton.png */ = {isa = PBXFileReference; lastKnownFileType = image.png; path = facebookLoginButton.png; sourceTree = "<group>"; };
		F2B1D5EF1B998DF100D8B5C4 /* twitterLoginButton.png */ = {isa = PBXFileReference; lastKnownFileType = image.png; path = twitterLoginButton.png; sourceTree = "<group>"; };
		F2B1D5F21B998E0000D8B5C4 /* defaultImage.png */ = {isa = PBXFileReference; lastKnownFileType = image.png; path = defaultImage.png; sourceTree = "<group>"; };
		F2B1D5F41B998E3C00D8B5C4 /* splashScreen.png */ = {isa = PBXFileReference; lastKnownFileType = image.png; path = splashScreen.png; sourceTree = "<group>"; };
		F2B1D5F61B998E5400D8B5C4 /* AppIcon29x29@3x.png */ = {isa = PBXFileReference; lastKnownFileType = image.png; path = "AppIcon29x29@3x.png"; sourceTree = "<group>"; };
		F2B1D5F71B998E5400D8B5C4 /* AppIcon40x40@2x.png */ = {isa = PBXFileReference; lastKnownFileType = image.png; path = "AppIcon40x40@2x.png"; sourceTree = "<group>"; };
		F2B1D5F81B998E5400D8B5C4 /* AppIcon40x40@3x.png */ = {isa = PBXFileReference; lastKnownFileType = image.png; path = "AppIcon40x40@3x.png"; sourceTree = "<group>"; };
		F2B1D5F91B998E5400D8B5C4 /* AppIcon57x57.png */ = {isa = PBXFileReference; lastKnownFileType = image.png; path = AppIcon57x57.png; sourceTree = "<group>"; };
		F2B1D5FA1B998E5400D8B5C4 /* AppIcon57x57@2x.png */ = {isa = PBXFileReference; lastKnownFileType = image.png; path = "AppIcon57x57@2x.png"; sourceTree = "<group>"; };
		F2B1D5FB1B998E5400D8B5C4 /* AppIcon60x60@2x.png */ = {isa = PBXFileReference; lastKnownFileType = image.png; path = "AppIcon60x60@2x.png"; sourceTree = "<group>"; };
		F2B1D5FC1B998E5400D8B5C4 /* AppIcon60x60@3x.png */ = {isa = PBXFileReference; lastKnownFileType = image.png; path = "AppIcon60x60@3x.png"; sourceTree = "<group>"; };
		F2B1D5FD1B998E5400D8B5C4 /* AppIcon29x29@2x.png */ = {isa = PBXFileReference; lastKnownFileType = image.png; path = "AppIcon29x29@2x.png"; sourceTree = "<group>"; };
		F2B1D5FE1B998E5400D8B5C4 /* AppIcon29x29.png */ = {isa = PBXFileReference; lastKnownFileType = image.png; path = AppIcon29x29.png; sourceTree = "<group>"; };
		F2B1D6081B998E9300D8B5C4 /* IntownLogo.png */ = {isa = PBXFileReference; lastKnownFileType = image.png; path = IntownLogo.png; sourceTree = "<group>"; };
		F2B1D6091B998E9300D8B5C4 /* cityOnlyLogo.png */ = {isa = PBXFileReference; lastKnownFileType = image.png; path = cityOnlyLogo.png; sourceTree = "<group>"; };
		F2B1D60C1B99906C00D8B5C4 /* SignInVC.h */ = {isa = PBXFileReference; fileEncoding = 4; lastKnownFileType = sourcecode.c.h; path = SignInVC.h; sourceTree = "<group>"; };
		F2B1D60D1B99906C00D8B5C4 /* SignInVC.m */ = {isa = PBXFileReference; fileEncoding = 4; lastKnownFileType = sourcecode.c.objc; path = SignInVC.m; sourceTree = "<group>"; };
		F2B1D60F1B99908300D8B5C4 /* SignUpVC.h */ = {isa = PBXFileReference; fileEncoding = 4; lastKnownFileType = sourcecode.c.h; path = SignUpVC.h; sourceTree = "<group>"; };
		F2B1D6101B99908300D8B5C4 /* SignUpVC.m */ = {isa = PBXFileReference; fileEncoding = 4; lastKnownFileType = sourcecode.c.objc; path = SignUpVC.m; sourceTree = "<group>"; };
		F2B1D6121B9990AF00D8B5C4 /* WelcomeVC.h */ = {isa = PBXFileReference; fileEncoding = 4; lastKnownFileType = sourcecode.c.h; path = WelcomeVC.h; sourceTree = "<group>"; };
		F2B1D6131B9990AF00D8B5C4 /* WelcomeVC.m */ = {isa = PBXFileReference; fileEncoding = 4; lastKnownFileType = sourcecode.c.objc; path = WelcomeVC.m; sourceTree = "<group>"; };
		F2B1D6151B9990CB00D8B5C4 /* ProfileTVC.h */ = {isa = PBXFileReference; fileEncoding = 4; lastKnownFileType = sourcecode.c.h; path = ProfileTVC.h; sourceTree = "<group>"; };
		F2B1D6161B9990CB00D8B5C4 /* ProfileTVC.m */ = {isa = PBXFileReference; fileEncoding = 4; lastKnownFileType = sourcecode.c.objc; path = ProfileTVC.m; sourceTree = "<group>"; };
		F2B1D6181B9990DC00D8B5C4 /* FeedTVC.h */ = {isa = PBXFileReference; fileEncoding = 4; lastKnownFileType = sourcecode.c.h; path = FeedTVC.h; sourceTree = "<group>"; };
		F2B1D6191B9990DC00D8B5C4 /* FeedTVC.m */ = {isa = PBXFileReference; fileEncoding = 4; lastKnownFileType = sourcecode.c.objc; path = FeedTVC.m; sourceTree = "<group>"; };
		F2B1D61C1B99A6A800D8B5C4 /* Policy.storyboard */ = {isa = PBXFileReference; fileEncoding = 4; lastKnownFileType = file.storyboard; path = Policy.storyboard; sourceTree = "<group>"; };
		F2B1D61E1B99A72300D8B5C4 /* TermAndConditionsVC.h */ = {isa = PBXFileReference; fileEncoding = 4; lastKnownFileType = sourcecode.c.h; path = TermAndConditionsVC.h; sourceTree = "<group>"; };
		F2B1D61F1B99A72300D8B5C4 /* TermAndConditionsVC.m */ = {isa = PBXFileReference; fileEncoding = 4; lastKnownFileType = sourcecode.c.objc; path = TermAndConditionsVC.m; sourceTree = "<group>"; };
/* End PBXFileReference section */

/* Begin PBXFrameworksBuildPhase section */
		F2B1D5761B99833400D8B5C4 /* Frameworks */ = {
			isa = PBXFrameworksBuildPhase;
			buildActionMask = 2147483647;
			files = (
				F2B1D5BC1B99843C00D8B5C4 /* libsqlite3.dylib in Frameworks */,
				F2B1D5BA1B99842800D8B5C4 /* libz.dylib in Frameworks */,
				F2B1D5B81B99841A00D8B5C4 /* SystemConfiguration.framework in Frameworks */,
				F2B1D5B61B99841100D8B5C4 /* StoreKit.framework in Frameworks */,
				F2B1D5B41B99840900D8B5C4 /* Security.framework in Frameworks */,
				F2B1D5B21B99840200D8B5C4 /* QuartzCore.framework in Frameworks */,
				F2B1D5B01B9983F900D8B5C4 /* CoreLocation.framework in Frameworks */,
				F2B1D5AE1B9983EF00D8B5C4 /* CoreGraphics.framework in Frameworks */,
				F2B1D5AC1B9983E700D8B5C4 /* CFNetwork.framework in Frameworks */,
				F2B1D5AA1B9983E000D8B5C4 /* AudioToolbox.framework in Frameworks */,
				F2B1D5A81B9983BA00D8B5C4 /* Parse.framework in Frameworks */,
				F2B1D5A71B9983BA00D8B5C4 /* Bolts.framework in Frameworks */,
				C5255D5FEC778F48A600285E /* libPods-InTown.a in Frameworks */,
			);
			runOnlyForDeploymentPostprocessing = 0;
		};
		F2B1D5921B99833400D8B5C4 /* Frameworks */ = {
			isa = PBXFrameworksBuildPhase;
			buildActionMask = 2147483647;
			files = (
			);
			runOnlyForDeploymentPostprocessing = 0;
		};
/* End PBXFrameworksBuildPhase section */

/* Begin PBXGroup section */
		786D2E5D6776E7FC72E36990 /* Pods */ = {
			isa = PBXGroup;
			children = (
				90E9F7AD3E5D2381EE9981EF /* Pods-InTown.debug.xcconfig */,
				9838A48DC1952793CB5EB3B1 /* Pods-InTown.release.xcconfig */,
			);
			name = Pods;
			sourceTree = "<group>";
		};
		C764C75BC1C85F943333E23A /* Frameworks */ = {
			isa = PBXGroup;
			children = (
				BBBDFAD7CAB49606AD149793 /* libPods-InTown.a */,
			);
			name = Frameworks;
			sourceTree = "<group>";
		};
		F2B1D5701B99833400D8B5C4 = {
			isa = PBXGroup;
			children = (
				F2B1D6211B9A962300D8B5C4 /* Frameworks */,
				F2B1D57B1B99833400D8B5C4 /* InTown */,
				F2B1D5981B99833400D8B5C4 /* InTownTests */,
				F2B1D57A1B99833400D8B5C4 /* Products */,
				786D2E5D6776E7FC72E36990 /* Pods */,
				C764C75BC1C85F943333E23A /* Frameworks */,
			);
			sourceTree = "<group>";
		};
		F2B1D57A1B99833400D8B5C4 /* Products */ = {
			isa = PBXGroup;
			children = (
				F2B1D5791B99833400D8B5C4 /* InTown.app */,
				F2B1D5951B99833400D8B5C4 /* InTownTests.xctest */,
			);
			name = Products;
			sourceTree = "<group>";
		};
		F2B1D57B1B99833400D8B5C4 /* InTown */ = {
			isa = PBXGroup;
			children = (
				F2B1D61B1B99A68200D8B5C4 /* Term & Conditions */,
				F2B1D5E01B998D9700D8B5C4 /* Images */,
				F2B1D5C31B998C2600D8B5C4 /* AppDelegate */,
				F2B1D5C21B998C1D00D8B5C4 /* Data */,
				F2B1D5C11B998B8F00D8B5C4 /* Feed */,
				F2B1D5C01B99883E00D8B5C4 /* Profile */,
				F2B1D5BF1B99882E00D8B5C4 /* Welcome */,
				F2B1D5BE1B99882100D8B5C4 /* SignUp */,
				F2B1D5BD1B99881600D8B5C4 /* SignIn */,
				F2B1D5861B99833400D8B5C4 /* ViewController.h */,
				F2B1D5871B99833400D8B5C4 /* ViewController.m */,
				F2B1D5891B99833400D8B5C4 /* Main.storyboard */,
				F2B1D58C1B99833400D8B5C4 /* Images.xcassets */,
				F2B1D58E1B99833400D8B5C4 /* LaunchScreen.xib */,
				F2B1D5831B99833400D8B5C4 /* InTown.xcdatamodeld */,
				F2B1D57C1B99833400D8B5C4 /* Supporting Files */,
			);
			path = InTown;
			sourceTree = "<group>";
		};
		F2B1D57C1B99833400D8B5C4 /* Supporting Files */ = {
			isa = PBXGroup;
			children = (
				F2B1D57D1B99833400D8B5C4 /* Info.plist */,
				F2B1D57E1B99833400D8B5C4 /* main.m */,
			);
			name = "Supporting Files";
			sourceTree = "<group>";
		};
		F2B1D5981B99833400D8B5C4 /* InTownTests */ = {
			isa = PBXGroup;
			children = (
				F2B1D59B1B99833400D8B5C4 /* InTownTests.m */,
				F2B1D5991B99833400D8B5C4 /* Supporting Files */,
			);
			path = InTownTests;
			sourceTree = "<group>";
		};
		F2B1D5991B99833400D8B5C4 /* Supporting Files */ = {
			isa = PBXGroup;
			children = (
				F2B1D59A1B99833400D8B5C4 /* Info.plist */,
			);
			name = "Supporting Files";
			sourceTree = "<group>";
		};
		F2B1D5BD1B99881600D8B5C4 /* SignIn */ = {
			isa = PBXGroup;
			children = (
				F2B1D60C1B99906C00D8B5C4 /* SignInVC.h */,
				F2B1D60D1B99906C00D8B5C4 /* SignInVC.m */,
				F2B1D5C41B998C8A00D8B5C4 /* SignIn.storyboard */,
			);
			name = SignIn;
			sourceTree = "<group>";
		};
		F2B1D5BE1B99882100D8B5C4 /* SignUp */ = {
			isa = PBXGroup;
			children = (
				F2B1D5C61B998C9600D8B5C4 /* SignUp.storyboard */,
				F2B1D60F1B99908300D8B5C4 /* SignUpVC.h */,
				F2B1D6101B99908300D8B5C4 /* SignUpVC.m */,
			);
			name = SignUp;
			sourceTree = "<group>";
		};
		F2B1D5BF1B99882E00D8B5C4 /* Welcome */ = {
			isa = PBXGroup;
			children = (
				F2B1D5C81B998CA600D8B5C4 /* Welcome.storyboard */,
				F2B1D6121B9990AF00D8B5C4 /* WelcomeVC.h */,
				F2B1D6131B9990AF00D8B5C4 /* WelcomeVC.m */,
			);
			name = Welcome;
			sourceTree = "<group>";
		};
		F2B1D5C01B99883E00D8B5C4 /* Profile */ = {
			isa = PBXGroup;
			children = (
				F2B1D5CA1B998CB200D8B5C4 /* Profile.storyboard */,
				F2B1D6151B9990CB00D8B5C4 /* ProfileTVC.h */,
				F2B1D6161B9990CB00D8B5C4 /* ProfileTVC.m */,
			);
			name = Profile;
			sourceTree = "<group>";
		};
		F2B1D5C11B998B8F00D8B5C4 /* Feed */ = {
			isa = PBXGroup;
			children = (
				F2B1D5CC1B998CC200D8B5C4 /* Feed.storyboard */,
				F2B1D6181B9990DC00D8B5C4 /* FeedTVC.h */,
				F2B1D6191B9990DC00D8B5C4 /* FeedTVC.m */,
			);
			name = Feed;
			sourceTree = "<group>";
		};
		F2B1D5C21B998C1D00D8B5C4 /* Data */ = {
			isa = PBXGroup;
			children = (
				F2B1D5CE1B998CDA00D8B5C4 /* User.h */,
				F2B1D5CF1B998CDA00D8B5C4 /* User.m */,
				F2B1D5D11B998CEF00D8B5C4 /* Post.h */,
				F2B1D5D21B998CEF00D8B5C4 /* Post.m */,
			);
			name = Data;
			sourceTree = "<group>";
		};
		F2B1D5C31B998C2600D8B5C4 /* AppDelegate */ = {
			isa = PBXGroup;
			children = (
				F2B1D5801B99833400D8B5C4 /* AppDelegate.h */,
				F2B1D5811B99833400D8B5C4 /* AppDelegate.m */,
			);
			name = AppDelegate;
			sourceTree = "<group>";
		};
		F2B1D5E01B998D9700D8B5C4 /* Images */ = {
			isa = PBXGroup;
			children = (
				F2B1D5E51B998DCB00D8B5C4 /* Flags */,
				F2B1D5E41B998DBE00D8B5C4 /* Buttons */,
				F2B1D5E31B998DB900D8B5C4 /* Misc */,
				F2B1D5E21B998DA900D8B5C4 /* Logos */,
				F2B1D5E11B998D9E00D8B5C4 /* Icons */,
			);
			name = Images;
			sourceTree = "<group>";
		};
		F2B1D5E11B998D9E00D8B5C4 /* Icons */ = {
			isa = PBXGroup;
			children = (
				F2B1D5F61B998E5400D8B5C4 /* AppIcon29x29@3x.png */,
				F2B1D5F71B998E5400D8B5C4 /* AppIcon40x40@2x.png */,
				F2B1D5F81B998E5400D8B5C4 /* AppIcon40x40@3x.png */,
				F2B1D5F91B998E5400D8B5C4 /* AppIcon57x57.png */,
				F2B1D5FA1B998E5400D8B5C4 /* AppIcon57x57@2x.png */,
				F2B1D5FB1B998E5400D8B5C4 /* AppIcon60x60@2x.png */,
				F2B1D5FC1B998E5400D8B5C4 /* AppIcon60x60@3x.png */,
				F2B1D5FD1B998E5400D8B5C4 /* AppIcon29x29@2x.png */,
				F2B1D5FE1B998E5400D8B5C4 /* AppIcon29x29.png */,
			);
			name = Icons;
			sourceTree = "<group>";
		};
		F2B1D5E21B998DA900D8B5C4 /* Logos */ = {
			isa = PBXGroup;
			children = (
				F2B1D6081B998E9300D8B5C4 /* IntownLogo.png */,
				F2B1D6091B998E9300D8B5C4 /* cityOnlyLogo.png */,
				F2B1D5F41B998E3C00D8B5C4 /* splashScreen.png */,
			);
			name = Logos;
			sourceTree = "<group>";
		};
		F2B1D5E31B998DB900D8B5C4 /* Misc */ = {
			isa = PBXGroup;
			children = (
				F2B1D5F21B998E0000D8B5C4 /* defaultImage.png */,
			);
			name = Misc;
			sourceTree = "<group>";
		};
		F2B1D5E41B998DBE00D8B5C4 /* Buttons */ = {
			isa = PBXGroup;
			children = (
				F2B1D5EE1B998DF100D8B5C4 /* facebookLoginButton.png */,
				F2B1D5EF1B998DF100D8B5C4 /* twitterLoginButton.png */,
			);
			name = Buttons;
			sourceTree = "<group>";
		};
		F2B1D5E51B998DCB00D8B5C4 /* Flags */ = {
			isa = PBXGroup;
			children = (
				F2B1D5E61B998DE400D8B5C4 /* fr.png */,
				F2B1D5E71B998DE400D8B5C4 /* spa.png */,
				F2B1D5E81B998DE400D8B5C4 /* br.png */,
				F2B1D5E91B998DE400D8B5C4 /* us.png */,
			);
			name = Flags;
			sourceTree = "<group>";
		};
		F2B1D61B1B99A68200D8B5C4 /* Term & Conditions */ = {
			isa = PBXGroup;
			children = (
				F2B1D61C1B99A6A800D8B5C4 /* Policy.storyboard */,
				F2B1D61E1B99A72300D8B5C4 /* TermAndConditionsVC.h */,
				F2B1D61F1B99A72300D8B5C4 /* TermAndConditionsVC.m */,
			);
			name = "Term & Conditions";
			sourceTree = "<group>";
		};
		F2B1D6211B9A962300D8B5C4 /* Frameworks */ = {
			isa = PBXGroup;
			children = (
				F2B1D5BB1B99843C00D8B5C4 /* libsqlite3.dylib */,
				F2B1D5B91B99842800D8B5C4 /* libz.dylib */,
				F2B1D5B71B99841A00D8B5C4 /* SystemConfiguration.framework */,
				F2B1D5B51B99841100D8B5C4 /* StoreKit.framework */,
				F2B1D5B31B99840900D8B5C4 /* Security.framework */,
				F2B1D5B11B99840200D8B5C4 /* QuartzCore.framework */,
				F2B1D5AF1B9983F900D8B5C4 /* CoreLocation.framework */,
				F2B1D5AD1B9983EF00D8B5C4 /* CoreGraphics.framework */,
				F2B1D5AB1B9983E700D8B5C4 /* CFNetwork.framework */,
				F2B1D5A91B9983E000D8B5C4 /* AudioToolbox.framework */,
				F2B1D5A51B9983B900D8B5C4 /* Bolts.framework */,
				F2B1D5A61B9983B900D8B5C4 /* Parse.framework */,
			);
			name = Frameworks;
			sourceTree = "<group>";
		};
/* End PBXGroup section */

/* Begin PBXNativeTarget section */
		F2B1D5781B99833400D8B5C4 /* InTown */ = {
			isa = PBXNativeTarget;
			buildConfigurationList = F2B1D59F1B99833400D8B5C4 /* Build configuration list for PBXNativeTarget "InTown" */;
			buildPhases = (
				9977A0D8326129E99DBAAECA /* Check Pods Manifest.lock */,
				F2B1D5751B99833400D8B5C4 /* Sources */,
				F2B1D5761B99833400D8B5C4 /* Frameworks */,
				F2B1D5771B99833400D8B5C4 /* Resources */,
				D7A52E30731F9387730A00FD /* Copy Pods Resources */,
			);
			buildRules = (
			);
			dependencies = (
			);
			name = InTown;
			productName = InTown;
			productReference = F2B1D5791B99833400D8B5C4 /* InTown.app */;
			productType = "com.apple.product-type.application";
		};
		F2B1D5941B99833400D8B5C4 /* InTownTests */ = {
			isa = PBXNativeTarget;
			buildConfigurationList = F2B1D5A21B99833400D8B5C4 /* Build configuration list for PBXNativeTarget "InTownTests" */;
			buildPhases = (
				F2B1D5911B99833400D8B5C4 /* Sources */,
				F2B1D5921B99833400D8B5C4 /* Frameworks */,
				F2B1D5931B99833400D8B5C4 /* Resources */,
			);
			buildRules = (
			);
			dependencies = (
				F2B1D5971B99833400D8B5C4 /* PBXTargetDependency */,
			);
			name = InTownTests;
			productName = InTownTests;
			productReference = F2B1D5951B99833400D8B5C4 /* InTownTests.xctest */;
			productType = "com.apple.product-type.bundle.unit-test";
		};
/* End PBXNativeTarget section */

/* Begin PBXProject section */
		F2B1D5711B99833400D8B5C4 /* Project object */ = {
			isa = PBXProject;
			attributes = {
				LastUpgradeCheck = 0640;
				ORGANIZATIONNAME = inTown;
				TargetAttributes = {
					F2B1D5781B99833400D8B5C4 = {
						CreatedOnToolsVersion = 6.4;
					};
					F2B1D5941B99833400D8B5C4 = {
						CreatedOnToolsVersion = 6.4;
						TestTargetID = F2B1D5781B99833400D8B5C4;
					};
				};
			};
			buildConfigurationList = F2B1D5741B99833400D8B5C4 /* Build configuration list for PBXProject "InTown" */;
			compatibilityVersion = "Xcode 3.2";
			developmentRegion = English;
			hasScannedForEncodings = 0;
			knownRegions = (
				en,
				Base,
			);
			mainGroup = F2B1D5701B99833400D8B5C4;
			productRefGroup = F2B1D57A1B99833400D8B5C4 /* Products */;
			projectDirPath = "";
			projectRoot = "";
			targets = (
				F2B1D5781B99833400D8B5C4 /* InTown */,
				F2B1D5941B99833400D8B5C4 /* InTownTests */,
			);
		};
/* End PBXProject section */

/* Begin PBXResourcesBuildPhase section */
		F2B1D5771B99833400D8B5C4 /* Resources */ = {
			isa = PBXResourcesBuildPhase;
			buildActionMask = 2147483647;
			files = (
				F2B1D6001B998E5400D8B5C4 /* AppIcon40x40@2x.png in Resources */,
				F2B1D5EB1B998DE400D8B5C4 /* spa.png in Resources */,
				F2B1D6071B998E5400D8B5C4 /* AppIcon29x29.png in Resources */,
				F2B1D5FF1B998E5400D8B5C4 /* AppIcon29x29@3x.png in Resources */,
				F2B1D6031B998E5400D8B5C4 /* AppIcon57x57@2x.png in Resources */,
				F2B1D6041B998E5400D8B5C4 /* AppIcon60x60@2x.png in Resources */,
				F2B1D5F11B998DF100D8B5C4 /* twitterLoginButton.png in Resources */,
				F2B1D5C51B998C8A00D8B5C4 /* SignIn.storyboard in Resources */,
				F2B1D61D1B99A6A800D8B5C4 /* Policy.storyboard in Resources */,
				F2B1D58B1B99833400D8B5C4 /* Main.storyboard in Resources */,
				F2B1D5CD1B998CC200D8B5C4 /* Feed.storyboard in Resources */,
				F2B1D6011B998E5400D8B5C4 /* AppIcon40x40@3x.png in Resources */,
				F2B1D5901B99833400D8B5C4 /* LaunchScreen.xib in Resources */,
				F2B1D58D1B99833400D8B5C4 /* Images.xcassets in Resources */,
				F2B1D5C71B998C9600D8B5C4 /* SignUp.storyboard in Resources */,
				F2B1D5CB1B998CB200D8B5C4 /* Profile.storyboard in Resources */,
				F2B1D60A1B998E9300D8B5C4 /* IntownLogo.png in Resources */,
				F2B1D6051B998E5400D8B5C4 /* AppIcon60x60@3x.png in Resources */,
				F2B1D5F01B998DF100D8B5C4 /* facebookLoginButton.png in Resources */,
				F2B1D6061B998E5400D8B5C4 /* AppIcon29x29@2x.png in Resources */,
				F2B1D60B1B998E9300D8B5C4 /* cityOnlyLogo.png in Resources */,
				F2B1D5EA1B998DE400D8B5C4 /* fr.png in Resources */,
				F2B1D5ED1B998DE400D8B5C4 /* us.png in Resources */,
				F2B1D5EC1B998DE400D8B5C4 /* br.png in Resources */,
				F2B1D5F31B998E0000D8B5C4 /* defaultImage.png in Resources */,
				F2B1D6021B998E5400D8B5C4 /* AppIcon57x57.png in Resources */,
				F2B1D5F51B998E3C00D8B5C4 /* splashScreen.png in Resources */,
				F2B1D5C91B998CA600D8B5C4 /* Welcome.storyboard in Resources */,
			);
			runOnlyForDeploymentPostprocessing = 0;
		};
		F2B1D5931B99833400D8B5C4 /* Resources */ = {
			isa = PBXResourcesBuildPhase;
			buildActionMask = 2147483647;
			files = (
			);
			runOnlyForDeploymentPostprocessing = 0;
		};
/* End PBXResourcesBuildPhase section */

/* Begin PBXShellScriptBuildPhase section */
		9977A0D8326129E99DBAAECA /* Check Pods Manifest.lock */ = {
			isa = PBXShellScriptBuildPhase;
			buildActionMask = 2147483647;
			files = (
			);
			inputPaths = (
			);
			name = "Check Pods Manifest.lock";
			outputPaths = (
			);
			runOnlyForDeploymentPostprocessing = 0;
			shellPath = /bin/sh;
			shellScript = "diff \"${PODS_ROOT}/../Podfile.lock\" \"${PODS_ROOT}/Manifest.lock\" > /dev/null\nif [[ $? != 0 ]] ; then\n    cat << EOM\nerror: The sandbox is not in sync with the Podfile.lock. Run 'pod install' or update your CocoaPods installation.\nEOM\n    exit 1\nfi\n";
			showEnvVarsInLog = 0;
		};
		D7A52E30731F9387730A00FD /* Copy Pods Resources */ = {
			isa = PBXShellScriptBuildPhase;
			buildActionMask = 2147483647;
			files = (
			);
			inputPaths = (
			);
			name = "Copy Pods Resources";
			outputPaths = (
			);
			runOnlyForDeploymentPostprocessing = 0;
			shellPath = /bin/sh;
			shellScript = "\"${SRCROOT}/Pods/Target Support Files/Pods-InTown/Pods-InTown-resources.sh\"\n";
			showEnvVarsInLog = 0;
		};
/* End PBXShellScriptBuildPhase section */

/* Begin PBXSourcesBuildPhase section */
		F2B1D5751B99833400D8B5C4 /* Sources */ = {
			isa = PBXSourcesBuildPhase;
			buildActionMask = 2147483647;
			files = (
				F2B1D5D01B998CDA00D8B5C4 /* User.m in Sources */,
				F2B1D5D31B998CEF00D8B5C4 /* Post.m in Sources */,
				F2B1D5851B99833400D8B5C4 /* InTown.xcdatamodeld in Sources */,
				F2B1D6171B9990CB00D8B5C4 /* ProfileTVC.m in Sources */,
				F2B1D5821B99833400D8B5C4 /* AppDelegate.m in Sources */,
				F2B1D61A1B9990DC00D8B5C4 /* FeedTVC.m in Sources */,
				F2B1D6201B99A72300D8B5C4 /* TermAndConditionsVC.m in Sources */,
				F2B1D6111B99908300D8B5C4 /* SignUpVC.m in Sources */,
				F2B1D5881B99833400D8B5C4 /* ViewController.m in Sources */,
				F2B1D6141B9990AF00D8B5C4 /* WelcomeVC.m in Sources */,
				F2B1D60E1B99906C00D8B5C4 /* SignInVC.m in Sources */,
				F2B1D57F1B99833400D8B5C4 /* main.m in Sources */,
			);
			runOnlyForDeploymentPostprocessing = 0;
		};
		F2B1D5911B99833400D8B5C4 /* Sources */ = {
			isa = PBXSourcesBuildPhase;
			buildActionMask = 2147483647;
			files = (
				F2B1D59C1B99833400D8B5C4 /* InTownTests.m in Sources */,
			);
			runOnlyForDeploymentPostprocessing = 0;
		};
/* End PBXSourcesBuildPhase section */

/* Begin PBXTargetDependency section */
		F2B1D5971B99833400D8B5C4 /* PBXTargetDependency */ = {
			isa = PBXTargetDependency;
			target = F2B1D5781B99833400D8B5C4 /* InTown */;
			targetProxy = F2B1D5961B99833400D8B5C4 /* PBXContainerItemProxy */;
		};
/* End PBXTargetDependency section */

/* Begin PBXVariantGroup section */
		F2B1D5891B99833400D8B5C4 /* Main.storyboard */ = {
			isa = PBXVariantGroup;
			children = (
				F2B1D58A1B99833400D8B5C4 /* Base */,
			);
			name = Main.storyboard;
			sourceTree = "<group>";
		};
		F2B1D58E1B99833400D8B5C4 /* LaunchScreen.xib */ = {
			isa = PBXVariantGroup;
			children = (
				F2B1D58F1B99833400D8B5C4 /* Base */,
			);
			name = LaunchScreen.xib;
			sourceTree = "<group>";
		};
/* End PBXVariantGroup section */

/* Begin XCBuildConfiguration section */
		F2B1D59D1B99833400D8B5C4 /* Debug */ = {
			isa = XCBuildConfiguration;
			buildSettings = {
				ALWAYS_SEARCH_USER_PATHS = NO;
				CLANG_CXX_LANGUAGE_STANDARD = "gnu++0x";
				CLANG_CXX_LIBRARY = "libc++";
				CLANG_ENABLE_MODULES = YES;
				CLANG_ENABLE_OBJC_ARC = YES;
				CLANG_WARN_BOOL_CONVERSION = YES;
				CLANG_WARN_CONSTANT_CONVERSION = YES;
				CLANG_WARN_DIRECT_OBJC_ISA_USAGE = YES_ERROR;
				CLANG_WARN_EMPTY_BODY = YES;
				CLANG_WARN_ENUM_CONVERSION = YES;
				CLANG_WARN_INT_CONVERSION = YES;
				CLANG_WARN_OBJC_ROOT_CLASS = YES_ERROR;
				CLANG_WARN_UNREACHABLE_CODE = YES;
				CLANG_WARN__DUPLICATE_METHOD_MATCH = YES;
				"CODE_SIGN_IDENTITY[sdk=iphoneos*]" = "iPhone Developer";
				COPY_PHASE_STRIP = NO;
				DEBUG_INFORMATION_FORMAT = "dwarf-with-dsym";
				ENABLE_STRICT_OBJC_MSGSEND = YES;
				GCC_C_LANGUAGE_STANDARD = gnu99;
				GCC_DYNAMIC_NO_PIC = NO;
				GCC_NO_COMMON_BLOCKS = YES;
				GCC_OPTIMIZATION_LEVEL = 0;
				GCC_PREPROCESSOR_DEFINITIONS = (
					"DEBUG=1",
					"$(inherited)",
				);
				GCC_SYMBOLS_PRIVATE_EXTERN = NO;
				GCC_WARN_64_TO_32_BIT_CONVERSION = YES;
				GCC_WARN_ABOUT_RETURN_TYPE = YES_ERROR;
				GCC_WARN_UNDECLARED_SELECTOR = YES;
				GCC_WARN_UNINITIALIZED_AUTOS = YES_AGGRESSIVE;
				GCC_WARN_UNUSED_FUNCTION = YES;
				GCC_WARN_UNUSED_VARIABLE = YES;
				IPHONEOS_DEPLOYMENT_TARGET = 8.4;
				MTL_ENABLE_DEBUG_INFO = YES;
				ONLY_ACTIVE_ARCH = YES;
				SDKROOT = iphoneos;
			};
			name = Debug;
		};
		F2B1D59E1B99833400D8B5C4 /* Release */ = {
			isa = XCBuildConfiguration;
			buildSettings = {
				ALWAYS_SEARCH_USER_PATHS = NO;
				CLANG_CXX_LANGUAGE_STANDARD = "gnu++0x";
				CLANG_CXX_LIBRARY = "libc++";
				CLANG_ENABLE_MODULES = YES;
				CLANG_ENABLE_OBJC_ARC = YES;
				CLANG_WARN_BOOL_CONVERSION = YES;
				CLANG_WARN_CONSTANT_CONVERSION = YES;
				CLANG_WARN_DIRECT_OBJC_ISA_USAGE = YES_ERROR;
				CLANG_WARN_EMPTY_BODY = YES;
				CLANG_WARN_ENUM_CONVERSION = YES;
				CLANG_WARN_INT_CONVERSION = YES;
				CLANG_WARN_OBJC_ROOT_CLASS = YES_ERROR;
				CLANG_WARN_UNREACHABLE_CODE = YES;
				CLANG_WARN__DUPLICATE_METHOD_MATCH = YES;
				"CODE_SIGN_IDENTITY[sdk=iphoneos*]" = "iPhone Developer";
				COPY_PHASE_STRIP = NO;
				DEBUG_INFORMATION_FORMAT = "dwarf-with-dsym";
				ENABLE_NS_ASSERTIONS = NO;
				ENABLE_STRICT_OBJC_MSGSEND = YES;
				GCC_C_LANGUAGE_STANDARD = gnu99;
				GCC_NO_COMMON_BLOCKS = YES;
				GCC_WARN_64_TO_32_BIT_CONVERSION = YES;
				GCC_WARN_ABOUT_RETURN_TYPE = YES_ERROR;
				GCC_WARN_UNDECLARED_SELECTOR = YES;
				GCC_WARN_UNINITIALIZED_AUTOS = YES_AGGRESSIVE;
				GCC_WARN_UNUSED_FUNCTION = YES;
				GCC_WARN_UNUSED_VARIABLE = YES;
				IPHONEOS_DEPLOYMENT_TARGET = 8.4;
				MTL_ENABLE_DEBUG_INFO = NO;
				SDKROOT = iphoneos;
				VALIDATE_PRODUCT = YES;
			};
			name = Release;
		};
		F2B1D5A01B99833400D8B5C4 /* Debug */ = {
			isa = XCBuildConfiguration;
			baseConfigurationReference = 90E9F7AD3E5D2381EE9981EF /* Pods-InTown.debug.xcconfig */;
			buildSettings = {
				ASSETCATALOG_COMPILER_APPICON_NAME = AppIcon;
				FRAMEWORK_SEARCH_PATHS = (
					"$(inherited)",
					"$(PROJECT_DIR)",
				);
				INFOPLIST_FILE = InTown/Info.plist;
				LD_RUNPATH_SEARCH_PATHS = "$(inherited) @executable_path/Frameworks";
				PRODUCT_NAME = "$(TARGET_NAME)";
			};
			name = Debug;
		};
		F2B1D5A11B99833400D8B5C4 /* Release */ = {
			isa = XCBuildConfiguration;
			baseConfigurationReference = 9838A48DC1952793CB5EB3B1 /* Pods-InTown.release.xcconfig */;
			buildSettings = {
				ASSETCATALOG_COMPILER_APPICON_NAME = AppIcon;
				FRAMEWORK_SEARCH_PATHS = (
					"$(inherited)",
					"$(PROJECT_DIR)",
				);
				INFOPLIST_FILE = InTown/Info.plist;
				LD_RUNPATH_SEARCH_PATHS = "$(inherited) @executable_path/Frameworks";
				PRODUCT_NAME = "$(TARGET_NAME)";
			};
			name = Release;
		};
		F2B1D5A31B99833400D8B5C4 /* Debug */ = {
			isa = XCBuildConfiguration;
			buildSettings = {
				BUNDLE_LOADER = "$(TEST_HOST)";
				FRAMEWORK_SEARCH_PATHS = (
					"$(SDKROOT)/Developer/Library/Frameworks",
					"$(inherited)",
				);
				GCC_PREPROCESSOR_DEFINITIONS = (
					"DEBUG=1",
					"$(inherited)",
				);
				INFOPLIST_FILE = InTownTests/Info.plist;
				LD_RUNPATH_SEARCH_PATHS = "$(inherited) @executable_path/Frameworks @loader_path/Frameworks";
				PRODUCT_NAME = "$(TARGET_NAME)";
				TEST_HOST = "$(BUILT_PRODUCTS_DIR)/InTown.app/InTown";
			};
			name = Debug;
		};
		F2B1D5A41B99833400D8B5C4 /* Release */ = {
			isa = XCBuildConfiguration;
			buildSettings = {
				BUNDLE_LOADER = "$(TEST_HOST)";
				FRAMEWORK_SEARCH_PATHS = (
					"$(SDKROOT)/Developer/Library/Frameworks",
					"$(inherited)",
				);
				INFOPLIST_FILE = InTownTests/Info.plist;
				LD_RUNPATH_SEARCH_PATHS = "$(inherited) @executable_path/Frameworks @loader_path/Frameworks";
				PRODUCT_NAME = "$(TARGET_NAME)";
				TEST_HOST = "$(BUILT_PRODUCTS_DIR)/InTown.app/InTown";
			};
			name = Release;
		};
/* End XCBuildConfiguration section */

/* Begin XCConfigurationList section */
		F2B1D5741B99833400D8B5C4 /* Build configuration list for PBXProject "InTown" */ = {
			isa = XCConfigurationList;
			buildConfigurations = (
				F2B1D59D1B99833400D8B5C4 /* Debug */,
				F2B1D59E1B99833400D8B5C4 /* Release */,
			);
			defaultConfigurationIsVisible = 0;
			defaultConfigurationName = Release;
		};
		F2B1D59F1B99833400D8B5C4 /* Build configuration list for PBXNativeTarget "InTown" */ = {
			isa = XCConfigurationList;
			buildConfigurations = (
				F2B1D5A01B99833400D8B5C4 /* Debug */,
				F2B1D5A11B99833400D8B5C4 /* Release */,
			);
			defaultConfigurationIsVisible = 0;
			defaultConfigurationName = Release;
		};
		F2B1D5A21B99833400D8B5C4 /* Build configuration list for PBXNativeTarget "InTownTests" */ = {
			isa = XCConfigurationList;
			buildConfigurations = (
				F2B1D5A31B99833400D8B5C4 /* Debug */,
				F2B1D5A41B99833400D8B5C4 /* Release */,
			);
			defaultConfigurationIsVisible = 0;
			defaultConfigurationName = Release;
		};
/* End XCConfigurationList section */

/* Begin XCVersionGroup section */
		F2B1D5831B99833400D8B5C4 /* InTown.xcdatamodeld */ = {
			isa = XCVersionGroup;
			children = (
				F2B1D5841B99833400D8B5C4 /* InTown.xcdatamodel */,
			);
			currentVersion = F2B1D5841B99833400D8B5C4 /* InTown.xcdatamodel */;
			path = InTown.xcdatamodeld;
			sourceTree = "<group>";
			versionGroupType = wrapper.xcdatamodel;
		};
/* End XCVersionGroup section */
	};
	rootObject = F2B1D5711B99833400D8B5C4 /* Project object */;
}
